// !$*UTF8*$!
{
	archiveVersion = 1;
	classes = {
	};
	objectVersion = 55;
	objects = {

/* Begin PBXBuildFile section */
		8490480E2774725C003E993D /* AppDelegate.swift in Sources */ = {isa = PBXBuildFile; fileRef = 8490480D2774725C003E993D /* AppDelegate.swift */; };
		849048102774725C003E993D /* SceneDelegate.swift in Sources */ = {isa = PBXBuildFile; fileRef = 8490480F2774725C003E993D /* SceneDelegate.swift */; };
		849048122774725C003E993D /* ShowItemTableViewController.swift in Sources */ = {isa = PBXBuildFile; fileRef = 849048112774725C003E993D /* ShowItemTableViewController.swift */; };
		849048152774725C003E993D /* Main.storyboard in Resources */ = {isa = PBXBuildFile; fileRef = 849048132774725C003E993D /* Main.storyboard */; };
		849048182774725C003E993D /* BucketList.xcdatamodeld in Sources */ = {isa = PBXBuildFile; fileRef = 849048162774725C003E993D /* BucketList.xcdatamodeld */; };
		8490481A2774725E003E993D /* Assets.xcassets in Resources */ = {isa = PBXBuildFile; fileRef = 849048192774725E003E993D /* Assets.xcassets */; };
		8490481D2774725E003E993D /* LaunchScreen.storyboard in Resources */ = {isa = PBXBuildFile; fileRef = 8490481B2774725E003E993D /* LaunchScreen.storyboard */; };
		849048282774725F003E993D /* BucketListTests.swift in Sources */ = {isa = PBXBuildFile; fileRef = 849048272774725F003E993D /* BucketListTests.swift */; };
		849048322774725F003E993D /* BucketListUITests.swift in Sources */ = {isa = PBXBuildFile; fileRef = 849048312774725F003E993D /* BucketListUITests.swift */; };
		849048342774725F003E993D /* BucketListUITestsLaunchTests.swift in Sources */ = {isa = PBXBuildFile; fileRef = 849048332774725F003E993D /* BucketListUITestsLaunchTests.swift */; };
		8490484727747E04003E993D /* BucketList.xcdatamodeld in Sources */ = {isa = PBXBuildFile; fileRef = 8490484027747E04003E993D /* BucketList.xcdatamodeld */; };
		8490484827747E04003E993D /* AddNewItemViewController.swift in Sources */ = {isa = PBXBuildFile; fileRef = 8490484227747E04003E993D /* AddNewItemViewController.swift */; };
		8490484A27747E04003E993D /* AddItemsDelegate.swift in Sources */ = {isa = PBXBuildFile; fileRef = 8490484427747E04003E993D /* AddItemsDelegate.swift */; };
		8490484C27747E04003E993D /* Assets.xcassets in Resources */ = {isa = PBXBuildFile; fileRef = 8490484627747E04003E993D /* Assets.xcassets */; };
		8490485027747EEF003E993D /* TaskModel.swift in Sources */ = {isa = PBXBuildFile; fileRef = 8490484F27747EEF003E993D /* TaskModel.swift */; };
/* End PBXBuildFile section */

/* Begin PBXContainerItemProxy section */
		849048242774725F003E993D /* PBXContainerItemProxy */ = {
			isa = PBXContainerItemProxy;
			containerPortal = 849048022774725C003E993D /* Project object */;
			proxyType = 1;
			remoteGlobalIDString = 849048092774725C003E993D;
			remoteInfo = BucketList;
		};
		8490482E2774725F003E993D /* PBXContainerItemProxy */ = {
			isa = PBXContainerItemProxy;
			containerPortal = 849048022774725C003E993D /* Project object */;
			proxyType = 1;
			remoteGlobalIDString = 849048092774725C003E993D;
			remoteInfo = BucketList;
		};
/* End PBXContainerItemProxy section */

/* Begin PBXFileReference section */
		8490480A2774725C003E993D /* BucketList.app */ = {isa = PBXFileReference; explicitFileType = wrapper.application; includeInIndex = 0; path = BucketList.app; sourceTree = BUILT_PRODUCTS_DIR; };
		8490480D2774725C003E993D /* AppDelegate.swift */ = {isa = PBXFileReference; lastKnownFileType = sourcecode.swift; path = AppDelegate.swift; sourceTree = "<group>"; };
		8490480F2774725C003E993D /* SceneDelegate.swift */ = {isa = PBXFileReference; lastKnownFileType = sourcecode.swift; path = SceneDelegate.swift; sourceTree = "<group>"; };
		849048112774725C003E993D /* ShowItemTableViewController.swift */ = {isa = PBXFileReference; lastKnownFileType = sourcecode.swift; path = ShowItemTableViewController.swift; sourceTree = "<group>"; };
		849048142774725C003E993D /* Base */ = {isa = PBXFileReference; lastKnownFileType = file.storyboard; name = Base; path = Base.lproj/Main.storyboard; sourceTree = "<group>"; };
		849048172774725C003E993D /* BucketList.xcdatamodel */ = {isa = PBXFileReference; lastKnownFileType = wrapper.xcdatamodel; path = BucketList.xcdatamodel; sourceTree = "<group>"; };
		849048192774725E003E993D /* Assets.xcassets */ = {isa = PBXFileReference; lastKnownFileType = folder.assetcatalog; path = Assets.xcassets; sourceTree = "<group>"; };
		8490481C2774725E003E993D /* Base */ = {isa = PBXFileReference; lastKnownFileType = file.storyboard; name = Base; path = Base.lproj/LaunchScreen.storyboard; sourceTree = "<group>"; };
		8490481E2774725E003E993D /* Info.plist */ = {isa = PBXFileReference; lastKnownFileType = text.plist.xml; path = Info.plist; sourceTree = "<group>"; };
		849048232774725F003E993D /* BucketListTests.xctest */ = {isa = PBXFileReference; explicitFileType = wrapper.cfbundle; includeInIndex = 0; path = BucketListTests.xctest; sourceTree = BUILT_PRODUCTS_DIR; };
		849048272774725F003E993D /* BucketListTests.swift */ = {isa = PBXFileReference; lastKnownFileType = sourcecode.swift; path = BucketListTests.swift; sourceTree = "<group>"; };
		8490482D2774725F003E993D /* BucketListUITests.xctest */ = {isa = PBXFileReference; explicitFileType = wrapper.cfbundle; includeInIndex = 0; path = BucketListUITests.xctest; sourceTree = BUILT_PRODUCTS_DIR; };
		849048312774725F003E993D /* BucketListUITests.swift */ = {isa = PBXFileReference; lastKnownFileType = sourcecode.swift; path = BucketListUITests.swift; sourceTree = "<group>"; };
		849048332774725F003E993D /* BucketListUITestsLaunchTests.swift */ = {isa = PBXFileReference; lastKnownFileType = sourcecode.swift; path = BucketListUITestsLaunchTests.swift; sourceTree = "<group>"; };
		8490484127747E04003E993D /* BucketList.xcdatamodel */ = {isa = PBXFileReference; lastKnownFileType = wrapper.xcdatamodel; path = BucketList.xcdatamodel; sourceTree = "<group>"; };
		8490484227747E04003E993D /* AddNewItemViewController.swift */ = {isa = PBXFileReference; fileEncoding = 4; lastKnownFileType = sourcecode.swift; path = AddNewItemViewController.swift; sourceTree = "<group>"; };
		8490484427747E04003E993D /* AddItemsDelegate.swift */ = {isa = PBXFileReference; fileEncoding = 4; lastKnownFileType = sourcecode.swift; path = AddItemsDelegate.swift; sourceTree = "<group>"; };
		8490484627747E04003E993D /* Assets.xcassets */ = {isa = PBXFileReference; lastKnownFileType = folder.assetcatalog; path = Assets.xcassets; sourceTree = "<group>"; };
		8490484F27747EEF003E993D /* TaskModel.swift */ = {isa = PBXFileReference; lastKnownFileType = sourcecode.swift; path = TaskModel.swift; sourceTree = "<group>"; };
/* End PBXFileReference section */

/* Begin PBXFrameworksBuildPhase section */
		849048072774725C003E993D /* Frameworks */ = {
			isa = PBXFrameworksBuildPhase;
			buildActionMask = 2147483647;
			files = (
			);
			runOnlyForDeploymentPostprocessing = 0;
		};
		849048202774725F003E993D /* Frameworks */ = {
			isa = PBXFrameworksBuildPhase;
			buildActionMask = 2147483647;
			files = (
			);
			runOnlyForDeploymentPostprocessing = 0;
		};
		8490482A2774725F003E993D /* Frameworks */ = {
			isa = PBXFrameworksBuildPhase;
			buildActionMask = 2147483647;
			files = (
			);
			runOnlyForDeploymentPostprocessing = 0;
		};
/* End PBXFrameworksBuildPhase section */

/* Begin PBXGroup section */
		849048012774725C003E993D = {
			isa = PBXGroup;
			children = (
				8490480C2774725C003E993D /* BucketList */,
				849048262774725F003E993D /* BucketListTests */,
				849048302774725F003E993D /* BucketListUITests */,
				8490480B2774725C003E993D /* Products */,
			);
			sourceTree = "<group>";
		};
		8490480B2774725C003E993D /* Products */ = {
			isa = PBXGroup;
			children = (
				8490480A2774725C003E993D /* BucketList.app */,
				849048232774725F003E993D /* BucketListTests.xctest */,
				8490482D2774725F003E993D /* BucketListUITests.xctest */,
			);
			name = Products;
			sourceTree = "<group>";
		};
		8490480C2774725C003E993D /* BucketList */ = {
			isa = PBXGroup;
			children = (
				8490480D2774725C003E993D /* AppDelegate.swift */,
				8490480F2774725C003E993D /* SceneDelegate.swift */,
				849048112774725C003E993D /* ShowItemTableViewController.swift */,
				8490484427747E04003E993D /* AddItemsDelegate.swift */,
				8490484F27747EEF003E993D /* TaskModel.swift */,
				8490484227747E04003E993D /* AddNewItemViewController.swift */,
				849048132774725C003E993D /* Main.storyboard */,
				8490484627747E04003E993D /* Assets.xcassets */,
				8490484027747E04003E993D /* BucketList.xcdatamodeld */,
				849048192774725E003E993D /* Assets.xcassets */,
				8490481B2774725E003E993D /* LaunchScreen.storyboard */,
				8490481E2774725E003E993D /* Info.plist */,
				849048162774725C003E993D /* BucketList.xcdatamodeld */,
			);
			path = BucketList;
			sourceTree = "<group>";
		};
		849048262774725F003E993D /* BucketListTests */ = {
			isa = PBXGroup;
			children = (
				849048272774725F003E993D /* BucketListTests.swift */,
			);
			path = BucketListTests;
			sourceTree = "<group>";
		};
		849048302774725F003E993D /* BucketListUITests */ = {
			isa = PBXGroup;
			children = (
				849048312774725F003E993D /* BucketListUITests.swift */,
				849048332774725F003E993D /* BucketListUITestsLaunchTests.swift */,
			);
			path = BucketListUITests;
			sourceTree = "<group>";
		};
/* End PBXGroup section */

/* Begin PBXNativeTarget section */
		849048092774725C003E993D /* BucketList */ = {
			isa = PBXNativeTarget;
			buildConfigurationList = 849048372774725F003E993D /* Build configuration list for PBXNativeTarget "BucketList" */;
			buildPhases = (
				849048062774725C003E993D /* Sources */,
				849048072774725C003E993D /* Frameworks */,
				849048082774725C003E993D /* Resources */,
			);
			buildRules = (
			);
			dependencies = (
			);
			name = BucketList;
			productName = BucketList;
			productReference = 8490480A2774725C003E993D /* BucketList.app */;
			productType = "com.apple.product-type.application";
		};
		849048222774725F003E993D /* BucketListTests */ = {
			isa = PBXNativeTarget;
			buildConfigurationList = 8490483A2774725F003E993D /* Build configuration list for PBXNativeTarget "BucketListTests" */;
			buildPhases = (
				8490481F2774725F003E993D /* Sources */,
				849048202774725F003E993D /* Frameworks */,
				849048212774725F003E993D /* Resources */,
			);
			buildRules = (
			);
			dependencies = (
				849048252774725F003E993D /* PBXTargetDependency */,
			);
			name = BucketListTests;
			productName = BucketListTests;
			productReference = 849048232774725F003E993D /* BucketListTests.xctest */;
			productType = "com.apple.product-type.bundle.unit-test";
		};
		8490482C2774725F003E993D /* BucketListUITests */ = {
			isa = PBXNativeTarget;
			buildConfigurationList = 8490483D2774725F003E993D /* Build configuration list for PBXNativeTarget "BucketListUITests" */;
			buildPhases = (
				849048292774725F003E993D /* Sources */,
				8490482A2774725F003E993D /* Frameworks */,
				8490482B2774725F003E993D /* Resources */,
			);
			buildRules = (
			);
			dependencies = (
				8490482F2774725F003E993D /* PBXTargetDependency */,
			);
			name = BucketListUITests;
			productName = BucketListUITests;
			productReference = 8490482D2774725F003E993D /* BucketListUITests.xctest */;
			productType = "com.apple.product-type.bundle.ui-testing";
		};
/* End PBXNativeTarget section */

/* Begin PBXProject section */
		849048022774725C003E993D /* Project object */ = {
			isa = PBXProject;
			attributes = {
				BuildIndependentTargetsInParallel = 1;
				LastSwiftUpdateCheck = 1320;
				LastUpgradeCheck = 1320;
				TargetAttributes = {
					849048092774725C003E993D = {
						CreatedOnToolsVersion = 13.2.1;
					};
					849048222774725F003E993D = {
						CreatedOnToolsVersion = 13.2.1;
						TestTargetID = 849048092774725C003E993D;
					};
					8490482C2774725F003E993D = {
						CreatedOnToolsVersion = 13.2.1;
						TestTargetID = 849048092774725C003E993D;
					};
				};
			};
			buildConfigurationList = 849048052774725C003E993D /* Build configuration list for PBXProject "BucketList" */;
			compatibilityVersion = "Xcode 13.0";
			developmentRegion = en;
			hasScannedForEncodings = 0;
			knownRegions = (
				en,
				Base,
			);
			mainGroup = 849048012774725C003E993D;
			productRefGroup = 8490480B2774725C003E993D /* Products */;
			projectDirPath = "";
			projectRoot = "";
			targets = (
				849048092774725C003E993D /* BucketList */,
				849048222774725F003E993D /* BucketListTests */,
				8490482C2774725F003E993D /* BucketListUITests */,
			);
		};
/* End PBXProject section */

/* Begin PBXResourcesBuildPhase section */
		849048082774725C003E993D /* Resources */ = {
			isa = PBXResourcesBuildPhase;
			buildActionMask = 2147483647;
			files = (
				8490481D2774725E003E993D /* LaunchScreen.storyboard in Resources */,
				8490481A2774725E003E993D /* Assets.xcassets in Resources */,
				849048152774725C003E993D /* Main.storyboard in Resources */,
				8490484C27747E04003E993D /* Assets.xcassets in Resources */,
			);
			runOnlyForDeploymentPostprocessing = 0;
		};
		849048212774725F003E993D /* Resources */ = {
			isa = PBXResourcesBuildPhase;
			buildActionMask = 2147483647;
			files = (
			);
			runOnlyForDeploymentPostprocessing = 0;
		};
		8490482B2774725F003E993D /* Resources */ = {
			isa = PBXResourcesBuildPhase;
			buildActionMask = 2147483647;
			files = (
			);
			runOnlyForDeploymentPostprocessing = 0;
		};
/* End PBXResourcesBuildPhase section */

/* Begin PBXSourcesBuildPhase section */
		849048062774725C003E993D /* Sources */ = {
			isa = PBXSourcesBuildPhase;
			buildActionMask = 2147483647;
			files = (
				849048122774725C003E993D /* ShowItemTableViewController.swift in Sources */,
				849048182774725C003E993D /* BucketList.xcdatamodeld in Sources */,
				8490484827747E04003E993D /* AddNewItemViewController.swift in Sources */,
				8490484727747E04003E993D /* BucketList.xcdatamodeld in Sources */,
				8490480E2774725C003E993D /* AppDelegate.swift in Sources */,
				849048102774725C003E993D /* SceneDelegate.swift in Sources */,
				8490485027747EEF003E993D /* TaskModel.swift in Sources */,
				8490484A27747E04003E993D /* AddItemsDelegate.swift in Sources */,
			);
			runOnlyForDeploymentPostprocessing = 0;
		};
		8490481F2774725F003E993D /* Sources */ = {
			isa = PBXSourcesBuildPhase;
			buildActionMask = 2147483647;
			files = (
				849048282774725F003E993D /* BucketListTests.swift in Sources */,
			);
			runOnlyForDeploymentPostprocessing = 0;
		};
		849048292774725F003E993D /* Sources */ = {
			isa = PBXSourcesBuildPhase;
			buildActionMask = 2147483647;
			files = (
				849048342774725F003E993D /* BucketListUITestsLaunchTests.swift in Sources */,
				849048322774725F003E993D /* BucketListUITests.swift in Sources */,
			);
			runOnlyForDeploymentPostprocessing = 0;
		};
/* End PBXSourcesBuildPhase section */

/* Begin PBXTargetDependency section */
		849048252774725F003E993D /* PBXTargetDependency */ = {
			isa = PBXTargetDependency;
			target = 849048092774725C003E993D /* BucketList */;
			targetProxy = 849048242774725F003E993D /* PBXContainerItemProxy */;
		};
		8490482F2774725F003E993D /* PBXTargetDependency */ = {
			isa = PBXTargetDependency;
			target = 849048092774725C003E993D /* BucketList */;
			targetProxy = 8490482E2774725F003E993D /* PBXContainerItemProxy */;
		};
/* End PBXTargetDependency section */

/* Begin PBXVariantGroup section */
		849048132774725C003E993D /* Main.storyboard */ = {
			isa = PBXVariantGroup;
			children = (
				849048142774725C003E993D /* Base */,
			);
			name = Main.storyboard;
			sourceTree = "<group>";
		};
		8490481B2774725E003E993D /* LaunchScreen.storyboard */ = {
			isa = PBXVariantGroup;
			children = (
				8490481C2774725E003E993D /* Base */,
			);
			name = LaunchScreen.storyboard;
			sourceTree = "<group>";
		};
/* End PBXVariantGroup section */

/* Begin XCBuildConfiguration section */
		849048352774725F003E993D /* Debug */ = {
			isa = XCBuildConfiguration;
			buildSettings = {
				ALWAYS_SEARCH_USER_PATHS = NO;
				CLANG_ANALYZER_NONNULL = YES;
				CLANG_ANALYZER_NUMBER_OBJECT_CONVERSION = YES_AGGRESSIVE;
				CLANG_CXX_LANGUAGE_STANDARD = "gnu++17";
				CLANG_CXX_LIBRARY = "libc++";
				CLANG_ENABLE_MODULES = YES;
				CLANG_ENABLE_OBJC_ARC = YES;
				CLANG_ENABLE_OBJC_WEAK = YES;
				CLANG_WARN_BLOCK_CAPTURE_AUTORELEASING = YES;
				CLANG_WARN_BOOL_CONVERSION = YES;
				CLANG_WARN_COMMA = YES;
				CLANG_WARN_CONSTANT_CONVERSION = YES;
				CLANG_WARN_DEPRECATED_OBJC_IMPLEMENTATIONS = YES;
				CLANG_WARN_DIRECT_OBJC_ISA_USAGE = YES_ERROR;
				CLANG_WARN_DOCUMENTATION_COMMENTS = YES;
				CLANG_WARN_EMPTY_BODY = YES;
				CLANG_WARN_ENUM_CONVERSION = YES;
				CLANG_WARN_INFINITE_RECURSION = YES;
				CLANG_WARN_INT_CONVERSION = YES;
				CLANG_WARN_NON_LITERAL_NULL_CONVERSION = YES;
				CLANG_WARN_OBJC_IMPLICIT_RETAIN_SELF = YES;
				CLANG_WARN_OBJC_LITERAL_CONVERSION = YES;
				CLANG_WARN_OBJC_ROOT_CLASS = YES_ERROR;
				CLANG_WARN_QUOTED_INCLUDE_IN_FRAMEWORK_HEADER = YES;
				CLANG_WARN_RANGE_LOOP_ANALYSIS = YES;
				CLANG_WARN_STRICT_PROTOTYPES = YES;
				CLANG_WARN_SUSPICIOUS_MOVE = YES;
				CLANG_WARN_UNGUARDED_AVAILABILITY = YES_AGGRESSIVE;
				CLANG_WARN_UNREACHABLE_CODE = YES;
				CLANG_WARN__DUPLICATE_METHOD_MATCH = YES;
				COPY_PHASE_STRIP = NO;
				DEBUG_INFORMATION_FORMAT = dwarf;
				ENABLE_STRICT_OBJC_MSGSEND = YES;
				ENABLE_TESTABILITY = YES;
				GCC_C_LANGUAGE_STANDARD = gnu11;
				GCC_DYNAMIC_NO_PIC = NO;
				GCC_NO_COMMON_BLOCKS = YES;
				GCC_OPTIMIZATION_LEVEL = 0;
				GCC_PREPROCESSOR_DEFINITIONS = (
					"DEBUG=1",
					"$(inherited)",
				);
				GCC_WARN_64_TO_32_BIT_CONVERSION = YES;
				GCC_WARN_ABOUT_RETURN_TYPE = YES_ERROR;
				GCC_WARN_UNDECLARED_SELECTOR = YES;
				GCC_WARN_UNINITIALIZED_AUTOS = YES_AGGRESSIVE;
				GCC_WARN_UNUSED_FUNCTION = YES;
				GCC_WARN_UNUSED_VARIABLE = YES;
				IPHONEOS_DEPLOYMENT_TARGET = 15.2;
				MTL_ENABLE_DEBUG_INFO = INCLUDE_SOURCE;
				MTL_FAST_MATH = YES;
				ONLY_ACTIVE_ARCH = YES;
				SDKROOT = iphoneos;
				SWIFT_ACTIVE_COMPILATION_CONDITIONS = DEBUG;
				SWIFT_OPTIMIZATION_LEVEL = "-Onone";
			};
			name = Debug;
		};
		849048362774725F003E993D /* Release */ = {
			isa = XCBuildConfiguration;
			buildSettings = {
				ALWAYS_SEARCH_USER_PATHS = NO;
				CLANG_ANALYZER_NONNULL = YES;
				CLANG_ANALYZER_NUMBER_OBJECT_CONVERSION = YES_AGGRESSIVE;
				CLANG_CXX_LANGUAGE_STANDARD = "gnu++17";
				CLANG_CXX_LIBRARY = "libc++";
				CLANG_ENABLE_MODULES = YES;
				CLANG_ENABLE_OBJC_ARC = YES;
				CLANG_ENABLE_OBJC_WEAK = YES;
				CLANG_WARN_BLOCK_CAPTURE_AUTORELEASING = YES;
				CLANG_WARN_BOOL_CONVERSION = YES;
				CLANG_WARN_COMMA = YES;
				CLANG_WARN_CONSTANT_CONVERSION = YES;
				CLANG_WARN_DEPRECATED_OBJC_IMPLEMENTATIONS = YES;
				CLANG_WARN_DIRECT_OBJC_ISA_USAGE = YES_ERROR;
				CLANG_WARN_DOCUMENTATION_COMMENTS = YES;
				CLANG_WARN_EMPTY_BODY = YES;
				CLANG_WARN_ENUM_CONVERSION = YES;
				CLANG_WARN_INFINITE_RECURSION = YES;
				CLANG_WARN_INT_CONVERSION = YES;
				CLANG_WARN_NON_LITERAL_NULL_CONVERSION = YES;
				CLANG_WARN_OBJC_IMPLICIT_RETAIN_SELF = YES;
				CLANG_WARN_OBJC_LITERAL_CONVERSION = YES;
				CLANG_WARN_OBJC_ROOT_CLASS = YES_ERROR;
				CLANG_WARN_QUOTED_INCLUDE_IN_FRAMEWORK_HEADER = YES;
				CLANG_WARN_RANGE_LOOP_ANALYSIS = YES;
				CLANG_WARN_STRICT_PROTOTYPES = YES;
				CLANG_WARN_SUSPICIOUS_MOVE = YES;
				CLANG_WARN_UNGUARDED_AVAILABILITY = YES_AGGRESSIVE;
				CLANG_WARN_UNREACHABLE_CODE = YES;
				CLANG_WARN__DUPLICATE_METHOD_MATCH = YES;
				COPY_PHASE_STRIP = NO;
				DEBUG_INFORMATION_FORMAT = "dwarf-with-dsym";
				ENABLE_NS_ASSERTIONS = NO;
				ENABLE_STRICT_OBJC_MSGSEND = YES;
				GCC_C_LANGUAGE_STANDARD = gnu11;
				GCC_NO_COMMON_BLOCKS = YES;
				GCC_WARN_64_TO_32_BIT_CONVERSION = YES;
				GCC_WARN_ABOUT_RETURN_TYPE = YES_ERROR;
				GCC_WARN_UNDECLARED_SELECTOR = YES;
				GCC_WARN_UNINITIALIZED_AUTOS = YES_AGGRESSIVE;
				GCC_WARN_UNUSED_FUNCTION = YES;
				GCC_WARN_UNUSED_VARIABLE = YES;
				IPHONEOS_DEPLOYMENT_TARGET = 15.2;
				MTL_ENABLE_DEBUG_INFO = NO;
				MTL_FAST_MATH = YES;
				SDKROOT = iphoneos;
				SWIFT_COMPILATION_MODE = wholemodule;
				SWIFT_OPTIMIZATION_LEVEL = "-O";
				VALIDATE_PRODUCT = YES;
			};
			name = Release;
		};
		849048382774725F003E993D /* Debug */ = {
			isa = XCBuildConfiguration;
			buildSettings = {
				ASSETCATALOG_COMPILER_APPICON_NAME = AppIcon;
				ASSETCATALOG_COMPILER_GLOBAL_ACCENT_COLOR_NAME = AccentColor;
				CODE_SIGN_STYLE = Automatic;
				CURRENT_PROJECT_VERSION = 1;
				DEVELOPMENT_TEAM = 9U2P84VZ5X;
				GENERATE_INFOPLIST_FILE = YES;
				INFOPLIST_FILE = BucketList/Info.plist;
				INFOPLIST_KEY_UIApplicationSupportsIndirectInputEvents = YES;
				INFOPLIST_KEY_UILaunchStoryboardName = LaunchScreen;
				INFOPLIST_KEY_UIMainStoryboardFile = Main;
				INFOPLIST_KEY_UISupportedInterfaceOrientations_iPad = "UIInterfaceOrientationPortrait UIInterfaceOrientationPortraitUpsideDown UIInterfaceOrientationLandscapeLeft UIInterfaceOrientationLandscapeRight";
				INFOPLIST_KEY_UISupportedInterfaceOrientations_iPhone = "UIInterfaceOrientationPortrait UIInterfaceOrientationLandscapeLeft UIInterfaceOrientationLandscapeRight";
				LD_RUNPATH_SEARCH_PATHS = (
					"$(inherited)",
					"@executable_path/Frameworks",
				);
				MARKETING_VERSION = 1.0;
				PRODUCT_BUNDLE_IDENTIFIER = "Dojo-Nerds.BucketList";
				PRODUCT_NAME = "$(TARGET_NAME)";
				SWIFT_EMIT_LOC_STRINGS = YES;
				SWIFT_VERSION = 5.0;
				TARGETED_DEVICE_FAMILY = "1,2";
			};
			name = Debug;
		};
		849048392774725F003E993D /* Release */ = {
			isa = XCBuildConfiguration;
			buildSettings = {
				ASSETCATALOG_COMPILER_APPICON_NAME = AppIcon;
				ASSETCATALOG_COMPILER_GLOBAL_ACCENT_COLOR_NAME = AccentColor;
				CODE_SIGN_STYLE = Automatic;
				CURRENT_PROJECT_VERSION = 1;
				DEVELOPMENT_TEAM = 9U2P84VZ5X;
				GENERATE_INFOPLIST_FILE = YES;
				INFOPLIST_FILE = BucketList/Info.plist;
				INFOPLIST_KEY_UIApplicationSupportsIndirectInputEvents = YES;
				INFOPLIST_KEY_UILaunchStoryboardName = LaunchScreen;
				INFOPLIST_KEY_UIMainStoryboardFile = Main;
				INFOPLIST_KEY_UISupportedInterfaceOrientations_iPad = "UIInterfaceOrientationPortrait UIInterfaceOrientationPortraitUpsideDown UIInterfaceOrientationLandscapeLeft UIInterfaceOrientationLandscapeRight";
				INFOPLIST_KEY_UISupportedInterfaceOrientations_iPhone = "UIInterfaceOrientationPortrait UIInterfaceOrientationLandscapeLeft UIInterfaceOrientationLandscapeRight";
				LD_RUNPATH_SEARCH_PATHS = (
					"$(inherited)",
					"@executable_path/Frameworks",
				);
				MARKETING_VERSION = 1.0;
				PRODUCT_BUNDLE_IDENTIFIER = "Dojo-Nerds.BucketList";
				PRODUCT_NAME = "$(TARGET_NAME)";
				SWIFT_EMIT_LOC_STRINGS = YES;
				SWIFT_VERSION = 5.0;
				TARGETED_DEVICE_FAMILY = "1,2";
			};
			name = Release;
		};
		8490483B2774725F003E993D /* Debug */ = {
			isa = XCBuildConfiguration;
			buildSettings = {
				ALWAYS_EMBED_SWIFT_STANDARD_LIBRARIES = YES;
				BUNDLE_LOADER = "$(TEST_HOST)";
				CODE_SIGN_STYLE = Automatic;
				CURRENT_PROJECT_VERSION = 1;
				DEVELOPMENT_TEAM = 9U2P84VZ5X;
				GENERATE_INFOPLIST_FILE = YES;
				IPHONEOS_DEPLOYMENT_TARGET = 15.2;
				MARKETING_VERSION = 1.0;
				PRODUCT_BUNDLE_IDENTIFIER = "Dojo-Nerds.BucketListTests";
				PRODUCT_NAME = "$(TARGET_NAME)";
				SWIFT_EMIT_LOC_STRINGS = NO;
				SWIFT_VERSION = 5.0;
				TARGETED_DEVICE_FAMILY = "1,2";
				TEST_HOST = "$(BUILT_PRODUCTS_DIR)/BucketList.app/BucketList";
			};
			name = Debug;
		};
		8490483C2774725F003E993D /* Release */ = {
			isa = XCBuildConfiguration;
			buildSettings = {
				ALWAYS_EMBED_SWIFT_STANDARD_LIBRARIES = YES;
				BUNDLE_LOADER = "$(TEST_HOST)";
				CODE_SIGN_STYLE = Automatic;
				CURRENT_PROJECT_VERSION = 1;
				DEVELOPMENT_TEAM = 9U2P84VZ5X;
				GENERATE_INFOPLIST_FILE = YES;
				IPHONEOS_DEPLOYMENT_TARGET = 15.2;
				MARKETING_VERSION = 1.0;
				PRODUCT_BUNDLE_IDENTIFIER = "Dojo-Nerds.BucketListTests";
				PRODUCT_NAME = "$(TARGET_NAME)";
				SWIFT_EMIT_LOC_STRINGS = NO;
				SWIFT_VERSION = 5.0;
				TARGETED_DEVICE_FAMILY = "1,2";
				TEST_HOST = "$(BUILT_PRODUCTS_DIR)/BucketList.app/BucketList";
			};
			name = Release;
		};
		8490483E2774725F003E993D /* Debug */ = {
			isa = XCBuildConfiguration;
			buildSettings = {
				ALWAYS_EMBED_SWIFT_STANDARD_LIBRARIES = YES;
				CODE_SIGN_STYLE = Automatic;
				CURRENT_PROJECT_VERSION = 1;
				DEVELOPMENT_TEAM = 9U2P84VZ5X;
				GENERATE_INFOPLIST_FILE = YES;
				MARKETING_VERSION = 1.0;
				PRODUCT_BUNDLE_IDENTIFIER = "Dojo-Nerds.BucketListUITests";
				PRODUCT_NAME = "$(TARGET_NAME)";
				SWIFT_EMIT_LOC_STRINGS = NO;
				SWIFT_VERSION = 5.0;
				TARGETED_DEVICE_FAMILY = "1,2";
				TEST_TARGET_NAME = BucketList;
			};
			name = Debug;
		};
		8490483F2774725F003E993D /* Release */ = {
			isa = XCBuildConfiguration;
			buildSettings = {
				ALWAYS_EMBED_SWIFT_STANDARD_LIBRARIES = YES;
				CODE_SIGN_STYLE = Automatic;
				CURRENT_PROJECT_VERSION = 1;
				DEVELOPMENT_TEAM = 9U2P84VZ5X;
				GENERATE_INFOPLIST_FILE = YES;
				MARKETING_VERSION = 1.0;
				PRODUCT_BUNDLE_IDENTIFIER = "Dojo-Nerds.BucketListUITests";
				PRODUCT_NAME = "$(TARGET_NAME)";
				SWIFT_EMIT_LOC_STRINGS = NO;
				SWIFT_VERSION = 5.0;
				TARGETED_DEVICE_FAMILY = "1,2";
				TEST_TARGET_NAME = BucketList;
			};
			name = Release;
		};
/* End XCBuildConfiguration section */

/* Begin XCConfigurationList section */
		849048052774725C003E993D /* Build configuration list for PBXProject "BucketList" */ = {
			isa = XCConfigurationList;
			buildConfigurations = (
				849048352774725F003E993D /* Debug */,
				849048362774725F003E993D /* Release */,
			);
			defaultConfigurationIsVisible = 0;
			defaultConfigurationName = Release;
		};
		849048372774725F003E993D /* Build configuration list for PBXNativeTarget "BucketList" */ = {
			isa = XCConfigurationList;
			buildConfigurations = (
				849048382774725F003E993D /* Debug */,
				849048392774725F003E993D /* Release */,
			);
			defaultConfigurationIsVisible = 0;
			defaultConfigurationName = Release;
		};
		8490483A2774725F003E993D /* Build configuration list for PBXNativeTarget "BucketListTests" */ = {
			isa = XCConfigurationList;
			buildConfigurations = (
				8490483B2774725F003E993D /* Debug */,
				8490483C2774725F003E993D /* Release */,
			);
			defaultConfigurationIsVisible = 0;
			defaultConfigurationName = Release;
		};
		8490483D2774725F003E993D /* Build configuration list for PBXNativeTarget "BucketListUITests" */ = {
			isa = XCConfigurationList;
			buildConfigurations = (
				8490483E2774725F003E993D /* Debug */,
				8490483F2774725F003E993D /* Release */,
			);
			defaultConfigurationIsVisible = 0;
			defaultConfigurationName = Release;
		};
/* End XCConfigurationList section */

/* Begin XCVersionGroup section */
		849048162774725C003E993D /* BucketList.xcdatamodeld */ = {
			isa = XCVersionGroup;
			children = (
				849048172774725C003E993D /* BucketList.xcdatamodel */,
			);
			currentVersion = 849048172774725C003E993D /* BucketList.xcdatamodel */;
			path = BucketList.xcdatamodeld;
			sourceTree = "<group>";
			versionGroupType = wrapper.xcdatamodel;
		};
		8490484027747E04003E993D /* BucketList.xcdatamodeld */ = {
			isa = XCVersionGroup;
			children = (
				8490484127747E04003E993D /* BucketList.xcdatamodel */,
			);
			currentVersion = 8490484127747E04003E993D /* BucketList.xcdatamodel */;
			path = BucketList.xcdatamodeld;
			sourceTree = "<group>";
			versionGroupType = wrapper.xcdatamodel;
		};
/* End XCVersionGroup section */
	};
	rootObject = 849048022774725C003E993D /* Project object */;
}
